
Microsoft Visual Studio Solution File, Format Version 12.00
# Visual Studio Version 17
VisualStudioVersion = 17.7.34221.43
MinimumVisualStudioVersion = 10.0.40219.1
Project("{00D1A9C2-B5F0-4AF3-8072-F6C62B433612}") = "Database1", "Database1.sqlproj", "{160810D0-9CEA-4353-AFF9-14D8197EE0AA}"
EndProject
Global
	GlobalSection(SolutionConfigurationPlatforms) = preSolution
		Debug|Any CPU = Debug|Any CPU
		Release|Any CPU = Release|Any CPU
	EndGlobalSection
	GlobalSection(ProjectConfigurationPlatforms) = postSolution
		{160810D0-9CEA-4353-AFF9-14D8197EE0AA}.Debug|Any CPU.ActiveCfg = Debug|Any CPU
		{160810D0-9CEA-4353-AFF9-14D8197EE0AA}.Debug|Any CPU.Build.0 = Debug|Any CPU
		{160810D0-9CEA-4353-AFF9-14D8197EE0AA}.Debug|Any CPU.Deploy.0 = Debug|Any CPU
		{160810D0-9CEA-4353-AFF9-14D8197EE0AA}.Release|Any CPU.ActiveCfg = Release|Any CPU
		{160810D0-9CEA-4353-AFF9-14D8197EE0AA}.Release|Any CPU.Build.0 = Release|Any CPU
		{160810D0-9CEA-4353-AFF9-14D8197EE0AA}.Release|Any CPU.Deploy.0 = Release|Any CPU
	EndGlobalSection
	GlobalSection(SolutionProperties) = preSolution
		HideSolutionNode = FALSE
	EndGlobalSection
	GlobalSection(ExtensibilityGlobals) = postSolution
		SolutionGuid = {C73EFAB5-A494-485B-9418-95F04F7D0DEE}
	EndGlobalSection
EndGlobal
